{
  "name": "angular2-image-gallery",
  "version": "0.0.1",
  "lockfileVersion": 1,
  "requires": true,
  "dependencies": {
    "@angular/animations": {
      "version": "6.0.5",
      "resolved": "https://registry.npmjs.org/@angular/animations/-/animations-6.0.5.tgz",
      "integrity": "sha512-zW/qX3CvsuRDOcTNFFSf7uXktvq1jRrfKR8LdGQ/DER1GU3o8pR3z3H8gHy8lAFc3PESfETtzXinKUNzvTDfpA==",
      "requires": {
        "tslib": "^1.9.0"
      }
    },
    "tslib": {
      "version": "1.9.2",
      "resolved": "https://registry.npmjs.org/tslib/-/tslib-1.9.2.tgz",
      "integrity": "sha512-AVP5Xol3WivEr7hnssHDsaM+lVrVXWUvd1cfXTRkTj80b//6g2wIFEH6hZG0muGZRnHGrfttpdzRk3YlBkWjKw=="
    }
  }
}
